
Microsoft Visual Studio Solution File, Format Version 12.00
# Visual Studio Version 17
VisualStudioVersion = 17.0.31903.59
MinimumVisualStudioVersion = 10.0.40219.1
Project("{FAE04EC0-301F-11D3-BF4B-00C04F79EFBC}") = "MovieCatalog.API", "MovieCatalog.API\MovieCatalog.API.csproj", "{1C50D60A-C383-4B86-9EA7-C1013979D735}"
EndProject
Project("{FAE04EC0-301F-11D3-BF4B-00C04F79EFBC}") = "MovieCatalog.Domain", "MovieCatalog.Domain\MovieCatalog.Domain.csproj", "{1D6F7FF4-A6CE-4AAA-9613-526CCD28D370}"
EndProject
Project("{FAE04EC0-301F-11D3-BF4B-00C04F79EFBC}") = "MovieCatalog.Infrastructure", "MovieCatalog.Infrastructure\MovieCatalog.Infrastructure.csproj", "{060D0316-258F-4CC7-8F3B-781049EA5EBC}"
EndProject
Global
	GlobalSection(SolutionConfigurationPlatforms) = preSolution
		Debug|Any CPU = Debug|Any CPU
		Debug|x64 = Debug|x64
		Debug|x86 = Debug|x86
		Release|Any CPU = Release|Any CPU
		Release|x64 = Release|x64
		Release|x86 = Release|x86
	EndGlobalSection
	GlobalSection(ProjectConfigurationPlatforms) = postSolution
		{1C50D60A-C383-4B86-9EA7-C1013979D735}.Debug|Any CPU.ActiveCfg = Debug|Any CPU
		{1C50D60A-C383-4B86-9EA7-C1013979D735}.Debug|Any CPU.Build.0 = Debug|Any CPU
		{1C50D60A-C383-4B86-9EA7-C1013979D735}.Debug|x64.ActiveCfg = Debug|Any CPU
		{1C50D60A-C383-4B86-9EA7-C1013979D735}.Debug|x64.Build.0 = Debug|Any CPU
		{1C50D60A-C383-4B86-9EA7-C1013979D735}.Debug|x86.ActiveCfg = Debug|Any CPU
		{1C50D60A-C383-4B86-9EA7-C1013979D735}.Debug|x86.Build.0 = Debug|Any CPU
		{1C50D60A-C383-4B86-9EA7-C1013979D735}.Release|Any CPU.ActiveCfg = Release|Any CPU
		{1C50D60A-C383-4B86-9EA7-C1013979D735}.Release|Any CPU.Build.0 = Release|Any CPU
		{1C50D60A-C383-4B86-9EA7-C1013979D735}.Release|x64.ActiveCfg = Release|Any CPU
		{1C50D60A-C383-4B86-9EA7-C1013979D735}.Release|x64.Build.0 = Release|Any CPU
		{1C50D60A-C383-4B86-9EA7-C1013979D735}.Release|x86.ActiveCfg = Release|Any CPU
		{1C50D60A-C383-4B86-9EA7-C1013979D735}.Release|x86.Build.0 = Release|Any CPU
		{1D6F7FF4-A6CE-4AAA-9613-526CCD28D370}.Debug|Any CPU.ActiveCfg = Debug|Any CPU
		{1D6F7FF4-A6CE-4AAA-9613-526CCD28D370}.Debug|Any CPU.Build.0 = Debug|Any CPU
		{1D6F7FF4-A6CE-4AAA-9613-526CCD28D370}.Debug|x64.ActiveCfg = Debug|Any CPU
		{1D6F7FF4-A6CE-4AAA-9613-526CCD28D370}.Debug|x64.Build.0 = Debug|Any CPU
		{1D6F7FF4-A6CE-4AAA-9613-526CCD28D370}.Debug|x86.ActiveCfg = Debug|Any CPU
		{1D6F7FF4-A6CE-4AAA-9613-526CCD28D370}.Debug|x86.Build.0 = Debug|Any CPU
		{1D6F7FF4-A6CE-4AAA-9613-526CCD28D370}.Release|Any CPU.ActiveCfg = Release|Any CPU
		{1D6F7FF4-A6CE-4AAA-9613-526CCD28D370}.Release|Any CPU.Build.0 = Release|Any CPU
		{1D6F7FF4-A6CE-4AAA-9613-526CCD28D370}.Release|x64.ActiveCfg = Release|Any CPU
		{1D6F7FF4-A6CE-4AAA-9613-526CCD28D370}.Release|x64.Build.0 = Release|Any CPU
		{1D6F7FF4-A6CE-4AAA-9613-526CCD28D370}.Release|x86.ActiveCfg = Release|Any CPU
		{1D6F7FF4-A6CE-4AAA-9613-526CCD28D370}.Release|x86.Build.0 = Release|Any CPU
		{060D0316-258F-4CC7-8F3B-781049EA5EBC}.Debug|Any CPU.ActiveCfg = Debug|Any CPU
		{060D0316-258F-4CC7-8F3B-781049EA5EBC}.Debug|Any CPU.Build.0 = Debug|Any CPU
		{060D0316-258F-4CC7-8F3B-781049EA5EBC}.Debug|x64.ActiveCfg = Debug|Any CPU
		{060D0316-258F-4CC7-8F3B-781049EA5EBC}.Debug|x64.Build.0 = Debug|Any CPU
		{060D0316-258F-4CC7-8F3B-781049EA5EBC}.Debug|x86.ActiveCfg = Debug|Any CPU
		{060D0316-258F-4CC7-8F3B-781049EA5EBC}.Debug|x86.Build.0 = Debug|Any CPU
		{060D0316-258F-4CC7-8F3B-781049EA5EBC}.Release|Any CPU.ActiveCfg = Release|Any CPU
		{060D0316-258F-4CC7-8F3B-781049EA5EBC}.Release|Any CPU.Build.0 = Release|Any CPU
		{060D0316-258F-4CC7-8F3B-781049EA5EBC}.Release|x64.ActiveCfg = Release|Any CPU
		{060D0316-258F-4CC7-8F3B-781049EA5EBC}.Release|x64.Build.0 = Release|Any CPU
		{060D0316-258F-4CC7-8F3B-781049EA5EBC}.Release|x86.ActiveCfg = Release|Any CPU
		{060D0316-258F-4CC7-8F3B-781049EA5EBC}.Release|x86.Build.0 = Release|Any CPU
	EndGlobalSection
	GlobalSection(SolutionProperties) = preSolution
		HideSolutionNode = FALSE
	EndGlobalSection
	GlobalSection(ExtensibilityGlobals) = postSolution
		SolutionGuid = {D49B20CB-0E8D-4119-91D5-D1B521AB2A15}
	EndGlobalSection
EndGlobal
